
Microsoft Visual Studio Solution File, Format Version 12.00
# Visual Studio Version 17
VisualStudioVersion = 17.7.34031.279
MinimumVisualStudioVersion = 10.0.40219.1
Project("{9A19103F-16F7-4668-BE54-9A1E7A4F7556}") = "DSCC", "DSCC\DSCC.csproj", "{CA55ED8D-B926-4A62-AB62-9C07CEFD269E}"
EndProject
Project("{FAE04EC0-301F-11D3-BF4B-00C04F79EFBC}") = "DSCC_MVC", "DSCC_MVC\DSCC_MVC.csproj", "{E4831498-1FF9-421B-A7C2-85526B24FD14}"
EndProject
Global
	GlobalSection(SolutionConfigurationPlatforms) = preSolution
		Debug|Any CPU = Debug|Any CPU
		Release|Any CPU = Release|Any CPU
	EndGlobalSection
	GlobalSection(ProjectConfigurationPlatforms) = postSolution
		{CA55ED8D-B926-4A62-AB62-9C07CEFD269E}.Debug|Any CPU.ActiveCfg = Debug|Any CPU
		{CA55ED8D-B926-4A62-AB62-9C07CEFD269E}.Debug|Any CPU.Build.0 = Debug|Any CPU
		{CA55ED8D-B926-4A62-AB62-9C07CEFD269E}.Release|Any CPU.ActiveCfg = Release|Any CPU
		{CA55ED8D-B926-4A62-AB62-9C07CEFD269E}.Release|Any CPU.Build.0 = Release|Any CPU
		{E4831498-1FF9-421B-A7C2-85526B24FD14}.Debug|Any CPU.ActiveCfg = Debug|Any CPU
		{E4831498-1FF9-421B-A7C2-85526B24FD14}.Debug|Any CPU.Build.0 = Debug|Any CPU
		{E4831498-1FF9-421B-A7C2-85526B24FD14}.Release|Any CPU.ActiveCfg = Release|Any CPU
		{E4831498-1FF9-421B-A7C2-85526B24FD14}.Release|Any CPU.Build.0 = Release|Any CPU
	EndGlobalSection
	GlobalSection(SolutionProperties) = preSolution
		HideSolutionNode = FALSE
	EndGlobalSection
	GlobalSection(ExtensibilityGlobals) = postSolution
		SolutionGuid = {347681E1-0C34-420E-B7BD-3F7405F6058D}
	EndGlobalSection
EndGlobal
